
Microsoft Visual Studio Solution File, Format Version 12.00
# Visual Studio Version 17
VisualStudioVersion = 17.7.34202.233
MinimumVisualStudioVersion = 10.0.40219.1
Project("{FAE04EC0-301F-11D3-BF4B-00C04F79EFBC}") = "Es 2 terza verifica quarta", "Es 2 terza verifica quarta\Es 2 terza verifica quarta.csproj", "{7617150F-25F8-44C2-9695-6788CFFED53E}"
EndProject
Global
	GlobalSection(SolutionConfigurationPlatforms) = preSolution
		Debug|Any CPU = Debug|Any CPU
		Release|Any CPU = Release|Any CPU
	EndGlobalSection
	GlobalSection(ProjectConfigurationPlatforms) = postSolution
		{7617150F-25F8-44C2-9695-6788CFFED53E}.Debug|Any CPU.ActiveCfg = Debug|Any CPU
		{7617150F-25F8-44C2-9695-6788CFFED53E}.Debug|Any CPU.Build.0 = Debug|Any CPU
		{7617150F-25F8-44C2-9695-6788CFFED53E}.Release|Any CPU.ActiveCfg = Release|Any CPU
		{7617150F-25F8-44C2-9695-6788CFFED53E}.Release|Any CPU.Build.0 = Release|Any CPU
	EndGlobalSection
	GlobalSection(SolutionProperties) = preSolution
		HideSolutionNode = FALSE
	EndGlobalSection
	GlobalSection(ExtensibilityGlobals) = postSolution
		SolutionGuid = {1BE4D67D-48CD-42C5-91C8-430810F59EFD}
	EndGlobalSection
EndGlobal
